// !$*UTF8*$!
{
	archiveVersion = 1;
	classes = {
	};
	objectVersion = 56;
	objects = {

/* Begin PBXBuildFile section */
		DD0E3E762CFDFF0A005ECD21 /* CurveSegement.swift in Sources */ = {isa = PBXBuildFile; fileRef = DD0E3E752CFDFF0A005ECD21 /* CurveSegement.swift */; };
		DD0E3E792D002F5B005ECD21 /* AppBase in Frameworks */ = {isa = PBXBuildFile; productRef = DD0E3E782D002F5B005ECD21 /* AppBase */; };
		DD2CA2EE2D1BD325001259CC /* JobCardDeliveryInvoice.swift in Sources */ = {isa = PBXBuildFile; fileRef = DD2CA2ED2D1BD325001259CC /* JobCardDeliveryInvoice.swift */; };
		DD3DCB4F2CC66D600068DA80 /* MainView.swift in Sources */ = {isa = PBXBuildFile; fileRef = DD3DCB4E2CC66D600068DA80 /* MainView.swift */; };
		DDB902F82BF36CCD00A2FF5A /* TestAppApp.swift in Sources */ = {isa = PBXBuildFile; fileRef = DDB902F72BF36CCD00A2FF5A /* TestAppApp.swift */; };
		DDB902FC2BF36CCF00A2FF5A /* Assets.xcassets in Resources */ = {isa = PBXBuildFile; fileRef = DDB902FB2BF36CCF00A2FF5A /* Assets.xcassets */; };
		DDB903002BF36CCF00A2FF5A /* Preview Assets.xcassets in Resources */ = {isa = PBXBuildFile; fileRef = DDB902FF2BF36CCF00A2FF5A /* Preview Assets.xcassets */; };
		DDDF71972D1807A10063EF5A /* CombineNetwork in Frameworks */ = {isa = PBXBuildFile; productRef = DDDF71962D1807A10063EF5A /* CombineNetwork */; };
		DDF2E0D82D1AC6200045C201 /* Overlay.swift in Sources */ = {isa = PBXBuildFile; fileRef = DDF2E0D72D1AC6200045C201 /* Overlay.swift */; };
		DDFB69972D086C1D0004ED52 /* PDFViewWrapper.swift in Sources */ = {isa = PBXBuildFile; fileRef = DDFB69962D086C1D0004ED52 /* PDFViewWrapper.swift */; };
		DDFDD4D82D08158E00990B31 /* Alert.swift in Sources */ = {isa = PBXBuildFile; fileRef = DDFDD4D72D08158E00990B31 /* Alert.swift */; };
/* End PBXBuildFile section */

/* Begin PBXFileReference section */
		DD0E3E752CFDFF0A005ECD21 /* CurveSegement.swift */ = {isa = PBXFileReference; lastKnownFileType = sourcecode.swift; path = CurveSegement.swift; sourceTree = "<group>"; };
		DD2CA2ED2D1BD325001259CC /* JobCardDeliveryInvoice.swift */ = {isa = PBXFileReference; lastKnownFileType = sourcecode.swift; path = JobCardDeliveryInvoice.swift; sourceTree = "<group>"; };
		DD3DCB4E2CC66D600068DA80 /* MainView.swift */ = {isa = PBXFileReference; lastKnownFileType = sourcecode.swift; path = MainView.swift; sourceTree = "<group>"; };
		DDB902F42BF36CCD00A2FF5A /* TestApp.app */ = {isa = PBXFileReference; explicitFileType = wrapper.application; includeInIndex = 0; path = TestApp.app; sourceTree = BUILT_PRODUCTS_DIR; };
		DDB902F72BF36CCD00A2FF5A /* TestAppApp.swift */ = {isa = PBXFileReference; lastKnownFileType = sourcecode.swift; path = TestAppApp.swift; sourceTree = "<group>"; };
		DDB902FB2BF36CCF00A2FF5A /* Assets.xcassets */ = {isa = PBXFileReference; lastKnownFileType = folder.assetcatalog; path = Assets.xcassets; sourceTree = "<group>"; };
		DDB902FD2BF36CCF00A2FF5A /* TestApp.entitlements */ = {isa = PBXFileReference; lastKnownFileType = text.plist.entitlements; path = TestApp.entitlements; sourceTree = "<group>"; };
		DDB902FF2BF36CCF00A2FF5A /* Preview Assets.xcassets */ = {isa = PBXFileReference; lastKnownFileType = folder.assetcatalog; path = "Preview Assets.xcassets"; sourceTree = "<group>"; };
		DDF2E0D72D1AC6200045C201 /* Overlay.swift */ = {isa = PBXFileReference; lastKnownFileType = sourcecode.swift; name = Overlay.swift; path = ../../../../../../Applications/Overlay.swift; sourceTree = "<group>"; };
		DDFB69962D086C1D0004ED52 /* PDFViewWrapper.swift */ = {isa = PBXFileReference; lastKnownFileType = sourcecode.swift; path = PDFViewWrapper.swift; sourceTree = "<group>"; };
		DDFDD4D72D08158E00990B31 /* Alert.swift */ = {isa = PBXFileReference; lastKnownFileType = sourcecode.swift; path = Alert.swift; sourceTree = "<group>"; };
/* End PBXFileReference section */

/* Begin PBXFrameworksBuildPhase section */
		DDB902F12BF36CCD00A2FF5A /* Frameworks */ = {
			isa = PBXFrameworksBuildPhase;
			buildActionMask = 2147483647;
			files = (
				DD0E3E792D002F5B005ECD21 /* AppBase in Frameworks */,
				DDDF71972D1807A10063EF5A /* CombineNetwork in Frameworks */,
			);
			runOnlyForDeploymentPostprocessing = 0;
		};
/* End PBXFrameworksBuildPhase section */

/* Begin PBXGroup section */
		DDB902EB2BF36CCD00A2FF5A = {
			isa = PBXGroup;
			children = (
				DDB902F62BF36CCD00A2FF5A /* TestApp */,
				DDB902F52BF36CCD00A2FF5A /* Products */,
			);
			sourceTree = "<group>";
		};
		DDB902F52BF36CCD00A2FF5A /* Products */ = {
			isa = PBXGroup;
			children = (
				DDB902F42BF36CCD00A2FF5A /* TestApp.app */,
			);
			name = Products;
			sourceTree = "<group>";
		};
		DDB902F62BF36CCD00A2FF5A /* TestApp */ = {
			isa = PBXGroup;
			children = (
				DDB902F72BF36CCD00A2FF5A /* TestAppApp.swift */,
				DDB902FB2BF36CCF00A2FF5A /* Assets.xcassets */,
				DDB902FD2BF36CCF00A2FF5A /* TestApp.entitlements */,
				DDB902FE2BF36CCF00A2FF5A /* Preview Content */,
				DD3DCB4E2CC66D600068DA80 /* MainView.swift */,
				DD0E3E752CFDFF0A005ECD21 /* CurveSegement.swift */,
				DDFDD4D72D08158E00990B31 /* Alert.swift */,
				DDFB69962D086C1D0004ED52 /* PDFViewWrapper.swift */,
			);
			path = TestApp;
			sourceTree = "<group>";
		};
		DDB902FE2BF36CCF00A2FF5A /* Preview Content */ = {
			isa = PBXGroup;
			children = (
				DDB902FF2BF36CCF00A2FF5A /* Preview Assets.xcassets */,
				DDF2E0D72D1AC6200045C201 /* Overlay.swift */,
				DD2CA2ED2D1BD325001259CC /* JobCardDeliveryInvoice.swift */,
			);
			path = "Preview Content";
			sourceTree = "<group>";
		};
/* End PBXGroup section */

/* Begin PBXNativeTarget section */
		DDB902F32BF36CCD00A2FF5A /* TestApp */ = {
			isa = PBXNativeTarget;
			buildConfigurationList = DDB903032BF36CCF00A2FF5A /* Build configuration list for PBXNativeTarget "TestApp" */;
			buildPhases = (
				DDB902F02BF36CCD00A2FF5A /* Sources */,
				DDB902F12BF36CCD00A2FF5A /* Frameworks */,
				DDB902F22BF36CCD00A2FF5A /* Resources */,
			);
			buildRules = (
			);
			dependencies = (
			);
			name = TestApp;
			packageProductDependencies = (
				DD0E3E782D002F5B005ECD21 /* AppBase */,
				DDDF71962D1807A10063EF5A /* CombineNetwork */,
			);
			productName = TestApp;
			productReference = DDB902F42BF36CCD00A2FF5A /* TestApp.app */;
			productType = "com.apple.product-type.application";
		};
/* End PBXNativeTarget section */

/* Begin PBXProject section */
		DDB902EC2BF36CCD00A2FF5A /* Project object */ = {
			isa = PBXProject;
			attributes = {
				BuildIndependentTargetsInParallel = 1;
				LastSwiftUpdateCheck = 1530;
				LastUpgradeCheck = 1530;
				TargetAttributes = {
					DDB902F32BF36CCD00A2FF5A = {
						CreatedOnToolsVersion = 15.3;
					};
				};
			};
			buildConfigurationList = DDB902EF2BF36CCD00A2FF5A /* Build configuration list for PBXProject "TestApp" */;
			compatibilityVersion = "Xcode 14.0";
			developmentRegion = en;
			hasScannedForEncodings = 0;
			knownRegions = (
				en,
				Base,
			);
			mainGroup = DDB902EB2BF36CCD00A2FF5A;
			packageReferences = (
				DD0E3E772D002F5B005ECD21 /* XCRemoteSwiftPackageReference "AppBase" */,
				DDDF71952D1807A10063EF5A /* XCRemoteSwiftPackageReference "CombineNetwork" */,
			);
			productRefGroup = DDB902F52BF36CCD00A2FF5A /* Products */;
			projectDirPath = "";
			projectRoot = "";
			targets = (
				DDB902F32BF36CCD00A2FF5A /* TestApp */,
			);
		};
/* End PBXProject section */

/* Begin PBXResourcesBuildPhase section */
		DDB902F22BF36CCD00A2FF5A /* Resources */ = {
			isa = PBXResourcesBuildPhase;
			buildActionMask = 2147483647;
			files = (
				DDB903002BF36CCF00A2FF5A /* Preview Assets.xcassets in Resources */,
				DDB902FC2BF36CCF00A2FF5A /* Assets.xcassets in Resources */,
			);
			runOnlyForDeploymentPostprocessing = 0;
		};
/* End PBXResourcesBuildPhase section */

/* Begin PBXSourcesBuildPhase section */
		DDB902F02BF36CCD00A2FF5A /* Sources */ = {
			isa = PBXSourcesBuildPhase;
			buildActionMask = 2147483647;
			files = (
				DDB902F82BF36CCD00A2FF5A /* TestAppApp.swift in Sources */,
				DD0E3E762CFDFF0A005ECD21 /* CurveSegement.swift in Sources */,
				DD2CA2EE2D1BD325001259CC /* JobCardDeliveryInvoice.swift in Sources */,
				DDFDD4D82D08158E00990B31 /* Alert.swift in Sources */,
				DD3DCB4F2CC66D600068DA80 /* MainView.swift in Sources */,
				DDF2E0D82D1AC6200045C201 /* Overlay.swift in Sources */,
				DDFB69972D086C1D0004ED52 /* PDFViewWrapper.swift in Sources */,
			);
			runOnlyForDeploymentPostprocessing = 0;
		};
/* End PBXSourcesBuildPhase section */

/* Begin XCBuildConfiguration section */
		DDB903012BF36CCF00A2FF5A /* Debug */ = {
			isa = XCBuildConfiguration;
			buildSettings = {
				ALWAYS_SEARCH_USER_PATHS = NO;
				ASSETCATALOG_COMPILER_GENERATE_SWIFT_ASSET_SYMBOL_EXTENSIONS = YES;
				CLANG_ANALYZER_NONNULL = YES;
				CLANG_ANALYZER_NUMBER_OBJECT_CONVERSION = YES_AGGRESSIVE;
				CLANG_CXX_LANGUAGE_STANDARD = "gnu++20";
				CLANG_ENABLE_MODULES = YES;
				CLANG_ENABLE_OBJC_ARC = YES;
				CLANG_ENABLE_OBJC_WEAK = YES;
				CLANG_WARN_BLOCK_CAPTURE_AUTORELEASING = YES;
				CLANG_WARN_BOOL_CONVERSION = YES;
				CLANG_WARN_COMMA = YES;
				CLANG_WARN_CONSTANT_CONVERSION = YES;
				CLANG_WARN_DEPRECATED_OBJC_IMPLEMENTATIONS = YES;
				CLANG_WARN_DIRECT_OBJC_ISA_USAGE = YES_ERROR;
				CLANG_WARN_DOCUMENTATION_COMMENTS = YES;
				CLANG_WARN_EMPTY_BODY = YES;
				CLANG_WARN_ENUM_CONVERSION = YES;
				CLANG_WARN_INFINITE_RECURSION = YES;
				CLANG_WARN_INT_CONVERSION = YES;
				CLANG_WARN_NON_LITERAL_NULL_CONVERSION = YES;
				CLANG_WARN_OBJC_IMPLICIT_RETAIN_SELF = YES;
				CLANG_WARN_OBJC_LITERAL_CONVERSION = YES;
				CLANG_WARN_OBJC_ROOT_CLASS = YES_ERROR;
				CLANG_WARN_QUOTED_INCLUDE_IN_FRAMEWORK_HEADER = YES;
				CLANG_WARN_RANGE_LOOP_ANALYSIS = YES;
				CLANG_WARN_STRICT_PROTOTYPES = YES;
				CLANG_WARN_SUSPICIOUS_MOVE = YES;
				CLANG_WARN_UNGUARDED_AVAILABILITY = YES_AGGRESSIVE;
				CLANG_WARN_UNREACHABLE_CODE = YES;
				CLANG_WARN__DUPLICATE_METHOD_MATCH = YES;
				COPY_PHASE_STRIP = NO;
				DEBUG_INFORMATION_FORMAT = dwarf;
				ENABLE_STRICT_OBJC_MSGSEND = YES;
				ENABLE_TESTABILITY = YES;
				ENABLE_USER_SCRIPT_SANDBOXING = YES;
				GCC_C_LANGUAGE_STANDARD = gnu17;
				GCC_DYNAMIC_NO_PIC = NO;
				GCC_NO_COMMON_BLOCKS = YES;
				GCC_OPTIMIZATION_LEVEL = 0;
				GCC_PREPROCESSOR_DEFINITIONS = (
					"DEBUG=1",
					"$(inherited)",
				);
				GCC_WARN_64_TO_32_BIT_CONVERSION = YES;
				GCC_WARN_ABOUT_RETURN_TYPE = YES_ERROR;
				GCC_WARN_UNDECLARED_SELECTOR = YES;
				GCC_WARN_UNINITIALIZED_AUTOS = YES_AGGRESSIVE;
				GCC_WARN_UNUSED_FUNCTION = YES;
				GCC_WARN_UNUSED_VARIABLE = YES;
				LOCALIZATION_PREFERS_STRING_CATALOGS = YES;
				MTL_ENABLE_DEBUG_INFO = INCLUDE_SOURCE;
				MTL_FAST_MATH = YES;
				ONLY_ACTIVE_ARCH = YES;
				SWIFT_ACTIVE_COMPILATION_CONDITIONS = "DEBUG $(inherited)";
				SWIFT_OPTIMIZATION_LEVEL = "-Onone";
			};
			name = Debug;
		};
		DDB903022BF36CCF00A2FF5A /* Release */ = {
			isa = XCBuildConfiguration;
			buildSettings = {
				ALWAYS_SEARCH_USER_PATHS = NO;
				ASSETCATALOG_COMPILER_GENERATE_SWIFT_ASSET_SYMBOL_EXTENSIONS = YES;
				CLANG_ANALYZER_NONNULL = YES;
				CLANG_ANALYZER_NUMBER_OBJECT_CONVERSION = YES_AGGRESSIVE;
				CLANG_CXX_LANGUAGE_STANDARD = "gnu++20";
				CLANG_ENABLE_MODULES = YES;
				CLANG_ENABLE_OBJC_ARC = YES;
				CLANG_ENABLE_OBJC_WEAK = YES;
				CLANG_WARN_BLOCK_CAPTURE_AUTORELEASING = YES;
				CLANG_WARN_BOOL_CONVERSION = YES;
				CLANG_WARN_COMMA = YES;
				CLANG_WARN_CONSTANT_CONVERSION = YES;
				CLANG_WARN_DEPRECATED_OBJC_IMPLEMENTATIONS = YES;
				CLANG_WARN_DIRECT_OBJC_ISA_USAGE = YES_ERROR;
				CLANG_WARN_DOCUMENTATION_COMMENTS = YES;
				CLANG_WARN_EMPTY_BODY = YES;
				CLANG_WARN_ENUM_CONVERSION = YES;
				CLANG_WARN_INFINITE_RECURSION = YES;
				CLANG_WARN_INT_CONVERSION = YES;
				CLANG_WARN_NON_LITERAL_NULL_CONVERSION = YES;
				CLANG_WARN_OBJC_IMPLICIT_RETAIN_SELF = YES;
				CLANG_WARN_OBJC_LITERAL_CONVERSION = YES;
				CLANG_WARN_OBJC_ROOT_CLASS = YES_ERROR;
				CLANG_WARN_QUOTED_INCLUDE_IN_FRAMEWORK_HEADER = YES;
				CLANG_WARN_RANGE_LOOP_ANALYSIS = YES;
				CLANG_WARN_STRICT_PROTOTYPES = YES;
				CLANG_WARN_SUSPICIOUS_MOVE = YES;
				CLANG_WARN_UNGUARDED_AVAILABILITY = YES_AGGRESSIVE;
				CLANG_WARN_UNREACHABLE_CODE = YES;
				CLANG_WARN__DUPLICATE_METHOD_MATCH = YES;
				COPY_PHASE_STRIP = NO;
				DEBUG_INFORMATION_FORMAT = "dwarf-with-dsym";
				ENABLE_NS_ASSERTIONS = NO;
				ENABLE_STRICT_OBJC_MSGSEND = YES;
				ENABLE_USER_SCRIPT_SANDBOXING = YES;
				GCC_C_LANGUAGE_STANDARD = gnu17;
				GCC_NO_COMMON_BLOCKS = YES;
				GCC_WARN_64_TO_32_BIT_CONVERSION = YES;
				GCC_WARN_ABOUT_RETURN_TYPE = YES_ERROR;
				GCC_WARN_UNDECLARED_SELECTOR = YES;
				GCC_WARN_UNINITIALIZED_AUTOS = YES_AGGRESSIVE;
				GCC_WARN_UNUSED_FUNCTION = YES;
				GCC_WARN_UNUSED_VARIABLE = YES;
				LOCALIZATION_PREFERS_STRING_CATALOGS = YES;
				MTL_ENABLE_DEBUG_INFO = NO;
				MTL_FAST_MATH = YES;
				SWIFT_COMPILATION_MODE = wholemodule;
			};
			name = Release;
		};
		DDB903042BF36CCF00A2FF5A /* Debug */ = {
			isa = XCBuildConfiguration;
			buildSettings = {
				ASSETCATALOG_COMPILER_APPICON_NAME = AppIcon;
				ASSETCATALOG_COMPILER_GLOBAL_ACCENT_COLOR_NAME = AccentColor;
				CODE_SIGN_ENTITLEMENTS = TestApp/TestApp.entitlements;
				CODE_SIGN_STYLE = Automatic;
				CURRENT_PROJECT_VERSION = 1;
				DEVELOPMENT_ASSET_PATHS = "\"TestApp/Preview Content\"";
				DEVELOPMENT_TEAM = 4NR77LPFLG;
				ENABLE_HARDENED_RUNTIME = YES;
				ENABLE_PREVIEWS = YES;
				GENERATE_INFOPLIST_FILE = YES;
				"INFOPLIST_KEY_UIApplicationSceneManifest_Generation[sdk=iphoneos*]" = YES;
				"INFOPLIST_KEY_UIApplicationSceneManifest_Generation[sdk=iphonesimulator*]" = YES;
				"INFOPLIST_KEY_UIApplicationSupportsIndirectInputEvents[sdk=iphoneos*]" = YES;
				"INFOPLIST_KEY_UIApplicationSupportsIndirectInputEvents[sdk=iphonesimulator*]" = YES;
				"INFOPLIST_KEY_UILaunchScreen_Generation[sdk=iphoneos*]" = YES;
				"INFOPLIST_KEY_UILaunchScreen_Generation[sdk=iphonesimulator*]" = YES;
				"INFOPLIST_KEY_UIStatusBarStyle[sdk=iphoneos*]" = UIStatusBarStyleDefault;
				"INFOPLIST_KEY_UIStatusBarStyle[sdk=iphonesimulator*]" = UIStatusBarStyleDefault;
				INFOPLIST_KEY_UISupportedInterfaceOrientations_iPad = "UIInterfaceOrientationPortrait UIInterfaceOrientationPortraitUpsideDown UIInterfaceOrientationLandscapeLeft UIInterfaceOrientationLandscapeRight";
				INFOPLIST_KEY_UISupportedInterfaceOrientations_iPhone = "UIInterfaceOrientationPortrait UIInterfaceOrientationLandscapeLeft UIInterfaceOrientationLandscapeRight";
				IPHONEOS_DEPLOYMENT_TARGET = 17.4;
				LD_RUNPATH_SEARCH_PATHS = "@executable_path/Frameworks";
				"LD_RUNPATH_SEARCH_PATHS[sdk=macosx*]" = "@executable_path/../Frameworks";
				MACOSX_DEPLOYMENT_TARGET = 14.4;
				MARKETING_VERSION = 1.0;
				PRODUCT_BUNDLE_IDENTIFIER = ibrahim.gedami.TestApp;
				PRODUCT_NAME = "$(TARGET_NAME)";
				SDKROOT = auto;
				SUPPORTED_PLATFORMS = "iphoneos iphonesimulator macosx";
				SWIFT_EMIT_LOC_STRINGS = YES;
				SWIFT_VERSION = 5.0;
				TARGETED_DEVICE_FAMILY = "1,2";
			};
			name = Debug;
		};
		DDB903052BF36CCF00A2FF5A /* Release */ = {
			isa = XCBuildConfiguration;
			buildSettings = {
				ASSETCATALOG_COMPILER_APPICON_NAME = AppIcon;
				ASSETCATALOG_COMPILER_GLOBAL_ACCENT_COLOR_NAME = AccentColor;
				CODE_SIGN_ENTITLEMENTS = TestApp/TestApp.entitlements;
				CODE_SIGN_STYLE = Automatic;
				CURRENT_PROJECT_VERSION = 1;
				DEVELOPMENT_ASSET_PATHS = "\"TestApp/Preview Content\"";
				DEVELOPMENT_TEAM = 4NR77LPFLG;
				ENABLE_HARDENED_RUNTIME = YES;
				ENABLE_PREVIEWS = YES;
				GENERATE_INFOPLIST_FILE = YES;
				"INFOPLIST_KEY_UIApplicationSceneManifest_Generation[sdk=iphoneos*]" = YES;
				"INFOPLIST_KEY_UIApplicationSceneManifest_Generation[sdk=iphonesimulator*]" = YES;
				"INFOPLIST_KEY_UIApplicationSupportsIndirectInputEvents[sdk=iphoneos*]" = YES;
				"INFOPLIST_KEY_UIApplicationSupportsIndirectInputEvents[sdk=iphonesimulator*]" = YES;
				"INFOPLIST_KEY_UILaunchScreen_Generation[sdk=iphoneos*]" = YES;
				"INFOPLIST_KEY_UILaunchScreen_Generation[sdk=iphonesimulator*]" = YES;
				"INFOPLIST_KEY_UIStatusBarStyle[sdk=iphoneos*]" = UIStatusBarStyleDefault;
				"INFOPLIST_KEY_UIStatusBarStyle[sdk=iphonesimulator*]" = UIStatusBarStyleDefault;
				INFOPLIST_KEY_UISupportedInterfaceOrientations_iPad = "UIInterfaceOrientationPortrait UIInterfaceOrientationPortraitUpsideDown UIInterfaceOrientationLandscapeLeft UIInterfaceOrientationLandscapeRight";
				INFOPLIST_KEY_UISupportedInterfaceOrientations_iPhone = "UIInterfaceOrientationPortrait UIInterfaceOrientationLandscapeLeft UIInterfaceOrientationLandscapeRight";
				IPHONEOS_DEPLOYMENT_TARGET = 17.4;
				LD_RUNPATH_SEARCH_PATHS = "@executable_path/Frameworks";
				"LD_RUNPATH_SEARCH_PATHS[sdk=macosx*]" = "@executable_path/../Frameworks";
				MACOSX_DEPLOYMENT_TARGET = 14.4;
				MARKETING_VERSION = 1.0;
				PRODUCT_BUNDLE_IDENTIFIER = ibrahim.gedami.TestApp;
				PRODUCT_NAME = "$(TARGET_NAME)";
				SDKROOT = auto;
				SUPPORTED_PLATFORMS = "iphoneos iphonesimulator macosx";
				SWIFT_EMIT_LOC_STRINGS = YES;
				SWIFT_VERSION = 5.0;
				TARGETED_DEVICE_FAMILY = "1,2";
			};
			name = Release;
		};
/* End XCBuildConfiguration section */

/* Begin XCConfigurationList section */
		DDB902EF2BF36CCD00A2FF5A /* Build configuration list for PBXProject "TestApp" */ = {
			isa = XCConfigurationList;
			buildConfigurations = (
				DDB903012BF36CCF00A2FF5A /* Debug */,
				DDB903022BF36CCF00A2FF5A /* Release */,
			);
			defaultConfigurationIsVisible = 0;
			defaultConfigurationName = Release;
		};
		DDB903032BF36CCF00A2FF5A /* Build configuration list for PBXNativeTarget "TestApp" */ = {
			isa = XCConfigurationList;
			buildConfigurations = (
				DDB903042BF36CCF00A2FF5A /* Debug */,
				DDB903052BF36CCF00A2FF5A /* Release */,
			);
			defaultConfigurationIsVisible = 0;
			defaultConfigurationName = Release;
		};
/* End XCConfigurationList section */

/* Begin XCRemoteSwiftPackageReference section */
		DD0E3E772D002F5B005ECD21 /* XCRemoteSwiftPackageReference "AppBase" */ = {
			isa = XCRemoteSwiftPackageReference;
			repositoryURL = "https://github.com/seddiqiholding/AppBase.git";
			requirement = {
				branch = main;
				kind = branch;
			};
		};
		DDDF71952D1807A10063EF5A /* XCRemoteSwiftPackageReference "CombineNetwork" */ = {
			isa = XCRemoteSwiftPackageReference;
			repositoryURL = "https://github.com/seddiqiholding/CombineNetwork.git";
			requirement = {
				branch = development;
				kind = branch;
			};
		};
/* End XCRemoteSwiftPackageReference section */

/* Begin XCSwiftPackageProductDependency section */
		DD0E3E782D002F5B005ECD21 /* AppBase */ = {
			isa = XCSwiftPackageProductDependency;
			package = DD0E3E772D002F5B005ECD21 /* XCRemoteSwiftPackageReference "AppBase" */;
			productName = AppBase;
		};
		DDDF71962D1807A10063EF5A /* CombineNetwork */ = {
			isa = XCSwiftPackageProductDependency;
			package = DDDF71952D1807A10063EF5A /* XCRemoteSwiftPackageReference "CombineNetwork" */;
			productName = CombineNetwork;
		};
/* End XCSwiftPackageProductDependency section */
	};
	rootObject = DDB902EC2BF36CCD00A2FF5A /* Project object */;
}
